
Microsoft Visual Studio Solution File, Format Version 12.00
# Visual Studio Version 17
VisualStudioVersion = 17.8.34309.116
MinimumVisualStudioVersion = 10.0.40219.1
Project("{FAE04EC0-301F-11D3-BF4B-00C04F79EFBC}") = "WinFormsApp1", "WinFormsApp1.csproj", "{115D0F59-9F77-4FEC-876F-BB6EE260CDDE}"
EndProject
Global
	GlobalSection(SolutionConfigurationPlatforms) = preSolution
		Debug|Any CPU = Debug|Any CPU
		Release|Any CPU = Release|Any CPU
	EndGlobalSection
	GlobalSection(ProjectConfigurationPlatforms) = postSolution
		{115D0F59-9F77-4FEC-876F-BB6EE260CDDE}.Debug|Any CPU.ActiveCfg = Debug|Any CPU
		{115D0F59-9F77-4FEC-876F-BB6EE260CDDE}.Debug|Any CPU.Build.0 = Debug|Any CPU
		{115D0F59-9F77-4FEC-876F-BB6EE260CDDE}.Release|Any CPU.ActiveCfg = Release|Any CPU
		{115D0F59-9F77-4FEC-876F-BB6EE260CDDE}.Release|Any CPU.Build.0 = Release|Any CPU
	EndGlobalSection
	GlobalSection(SolutionProperties) = preSolution
		HideSolutionNode = FALSE
	EndGlobalSection
	GlobalSection(ExtensibilityGlobals) = postSolution
		SolutionGuid = {2FFB263E-3368-4A91-BB2F-0F80A36A241A}
	EndGlobalSection
EndGlobal
